
Microsoft Visual Studio Solution File, Format Version 12.00
# Visual Studio Version 17
VisualStudioVersion = 17.14.37111.16 d17.14
MinimumVisualStudioVersion = 10.0.40219.1
Project("{2150E333-8FDC-42A3-9474-1A3956D46DE8}") = "FrontEnd", "FrontEnd", "{02EA681E-C7D8-13C7-8484-4AC65E1B71E8}"
EndProject
Project("{2150E333-8FDC-42A3-9474-1A3956D46DE8}") = "Gateway", "Gateway", "{53E3396E-2F23-4DC0-97B7-751C821AD37F}"
EndProject
Project("{2150E333-8FDC-42A3-9474-1A3956D46DE8}") = "Integration", "Integration", "{94A966EA-BD5F-44E0-A649-7B4E573980FC}"
EndProject
Project("{2150E333-8FDC-42A3-9474-1A3956D46DE8}") = "Services", "Services", "{FBF697DC-EF83-46B4-8E3B-E50A301EFC0B}"
EndProject
Project("{FAE04EC0-301F-11D3-BF4B-00C04F79EFBC}") = "Mango.Services.CouponAPI", "Mango.Services.CouponAPI\Mango.Services.CouponAPI.csproj", "{7D3B72C8-E73A-4F06-9C11-9C71B487916D}"
EndProject
Project("{FAE04EC0-301F-11D3-BF4B-00C04F79EFBC}") = "Mango.Web", "Mango.Web\Mango.Web.csproj", "{0D3FDDDB-BCE4-4A67-ACDE-E8D986132F71}"
EndProject
Project("{FAE04EC0-301F-11D3-BF4B-00C04F79EFBC}") = "Mango.Services.AuthAPI", "Mango.Services.AuthAPI\Mango.Services.AuthAPI.csproj", "{2C2963C0-B67C-4255-8A3B-BE82C554B294}"
EndProject
Global
	GlobalSection(SolutionConfigurationPlatforms) = preSolution
		Debug|Any CPU = Debug|Any CPU
		Release|Any CPU = Release|Any CPU
	EndGlobalSection
	GlobalSection(ProjectConfigurationPlatforms) = postSolution
		{7D3B72C8-E73A-4F06-9C11-9C71B487916D}.Debug|Any CPU.ActiveCfg = Debug|Any CPU
		{7D3B72C8-E73A-4F06-9C11-9C71B487916D}.Debug|Any CPU.Build.0 = Debug|Any CPU
		{7D3B72C8-E73A-4F06-9C11-9C71B487916D}.Release|Any CPU.ActiveCfg = Release|Any CPU
		{7D3B72C8-E73A-4F06-9C11-9C71B487916D}.Release|Any CPU.Build.0 = Release|Any CPU
		{0D3FDDDB-BCE4-4A67-ACDE-E8D986132F71}.Debug|Any CPU.ActiveCfg = Debug|Any CPU
		{0D3FDDDB-BCE4-4A67-ACDE-E8D986132F71}.Debug|Any CPU.Build.0 = Debug|Any CPU
		{0D3FDDDB-BCE4-4A67-ACDE-E8D986132F71}.Release|Any CPU.ActiveCfg = Release|Any CPU
		{0D3FDDDB-BCE4-4A67-ACDE-E8D986132F71}.Release|Any CPU.Build.0 = Release|Any CPU
		{2C2963C0-B67C-4255-8A3B-BE82C554B294}.Debug|Any CPU.ActiveCfg = Debug|Any CPU
		{2C2963C0-B67C-4255-8A3B-BE82C554B294}.Debug|Any CPU.Build.0 = Debug|Any CPU
		{2C2963C0-B67C-4255-8A3B-BE82C554B294}.Release|Any CPU.ActiveCfg = Release|Any CPU
		{2C2963C0-B67C-4255-8A3B-BE82C554B294}.Release|Any CPU.Build.0 = Release|Any CPU
	EndGlobalSection
	GlobalSection(SolutionProperties) = preSolution
		HideSolutionNode = FALSE
	EndGlobalSection
	GlobalSection(NestedProjects) = preSolution
		{7D3B72C8-E73A-4F06-9C11-9C71B487916D} = {FBF697DC-EF83-46B4-8E3B-E50A301EFC0B}
		{0D3FDDDB-BCE4-4A67-ACDE-E8D986132F71} = {02EA681E-C7D8-13C7-8484-4AC65E1B71E8}
		{2C2963C0-B67C-4255-8A3B-BE82C554B294} = {FBF697DC-EF83-46B4-8E3B-E50A301EFC0B}
	EndGlobalSection
	GlobalSection(ExtensibilityGlobals) = postSolution
		SolutionGuid = {40AC58DD-6BD5-445A-979A-BB7A3582C30D}
	EndGlobalSection
EndGlobal
